
Microsoft Visual Studio Solution File, Format Version 12.00
# Visual Studio Express 15 for Windows Desktop
VisualStudioVersion = 15.0.27004.2006
MinimumVisualStudioVersion = 10.0.40219.1
Project("{FAE04EC0-301F-11D3-BF4B-00C04F79EFBC}") = "Assignment 3.2", "Assignment 3.2\Assignment 3.2.csproj", "{EA34DB61-AD95-47E4-8D36-6D34A7E27FB0}"
EndProject
Global
	GlobalSection(SolutionConfigurationPlatforms) = preSolution
		Debug|Any CPU = Debug|Any CPU
		Release|Any CPU = Release|Any CPU
	EndGlobalSection
	GlobalSection(ProjectConfigurationPlatforms) = postSolution
		{EA34DB61-AD95-47E4-8D36-6D34A7E27FB0}.Debug|Any CPU.ActiveCfg = Debug|Any CPU
		{EA34DB61-AD95-47E4-8D36-6D34A7E27FB0}.Debug|Any CPU.Build.0 = Debug|Any CPU
		{EA34DB61-AD95-47E4-8D36-6D34A7E27FB0}.Release|Any CPU.ActiveCfg = Release|Any CPU
		{EA34DB61-AD95-47E4-8D36-6D34A7E27FB0}.Release|Any CPU.Build.0 = Release|Any CPU
	EndGlobalSection
	GlobalSection(SolutionProperties) = preSolution
		HideSolutionNode = FALSE
	EndGlobalSection
	GlobalSection(ExtensibilityGlobals) = postSolution
		SolutionGuid = {FB4F853A-8A1F-4339-83BE-6CFFBCAC319F}
	EndGlobalSection
EndGlobal
